
Microsoft Visual Studio Solution File, Format Version 12.00
# Visual Studio Version 17
VisualStudioVersion = 17.8.34330.188
MinimumVisualStudioVersion = 10.0.40219.1
Project("{FAE04EC0-301F-11D3-BF4B-00C04F79EFBC}") = "Entity", "Entity\Entity.csproj", "{E94D6221-D60D-4FA7-BB81-7A54E7B39325}"
EndProject
Project("{FAE04EC0-301F-11D3-BF4B-00C04F79EFBC}") = "Core", "Core\Core.csproj", "{6C2F6BF9-DEFD-4B3C-BF7E-1CD4FE672E42}"
EndProject
Project("{FAE04EC0-301F-11D3-BF4B-00C04F79EFBC}") = "DataAccess", "DataAccess\DataAccess.csproj", "{E0591C0F-C0CF-429D-AB5F-029AEE1EF0E9}"
EndProject
Project("{FAE04EC0-301F-11D3-BF4B-00C04F79EFBC}") = "Business", "Business\Business.csproj", "{23BA395B-EDDF-48C4-94D2-F8BB686C81B5}"
EndProject
Project("{FAE04EC0-301F-11D3-BF4B-00C04F79EFBC}") = "WebAPI", "WebAPI\WebAPI.csproj", "{0EB1C6CC-F15B-4F8B-BB30-AA3B6F4618BF}"
EndProject
Global
	GlobalSection(SolutionConfigurationPlatforms) = preSolution
		Debug|Any CPU = Debug|Any CPU
		Release|Any CPU = Release|Any CPU
	EndGlobalSection
	GlobalSection(ProjectConfigurationPlatforms) = postSolution
		{E94D6221-D60D-4FA7-BB81-7A54E7B39325}.Debug|Any CPU.ActiveCfg = Debug|Any CPU
		{E94D6221-D60D-4FA7-BB81-7A54E7B39325}.Debug|Any CPU.Build.0 = Debug|Any CPU
		{E94D6221-D60D-4FA7-BB81-7A54E7B39325}.Release|Any CPU.ActiveCfg = Release|Any CPU
		{E94D6221-D60D-4FA7-BB81-7A54E7B39325}.Release|Any CPU.Build.0 = Release|Any CPU
		{6C2F6BF9-DEFD-4B3C-BF7E-1CD4FE672E42}.Debug|Any CPU.ActiveCfg = Debug|Any CPU
		{6C2F6BF9-DEFD-4B3C-BF7E-1CD4FE672E42}.Debug|Any CPU.Build.0 = Debug|Any CPU
		{6C2F6BF9-DEFD-4B3C-BF7E-1CD4FE672E42}.Release|Any CPU.ActiveCfg = Release|Any CPU
		{6C2F6BF9-DEFD-4B3C-BF7E-1CD4FE672E42}.Release|Any CPU.Build.0 = Release|Any CPU
		{E0591C0F-C0CF-429D-AB5F-029AEE1EF0E9}.Debug|Any CPU.ActiveCfg = Debug|Any CPU
		{E0591C0F-C0CF-429D-AB5F-029AEE1EF0E9}.Debug|Any CPU.Build.0 = Debug|Any CPU
		{E0591C0F-C0CF-429D-AB5F-029AEE1EF0E9}.Release|Any CPU.ActiveCfg = Release|Any CPU
		{E0591C0F-C0CF-429D-AB5F-029AEE1EF0E9}.Release|Any CPU.Build.0 = Release|Any CPU
		{23BA395B-EDDF-48C4-94D2-F8BB686C81B5}.Debug|Any CPU.ActiveCfg = Debug|Any CPU
		{23BA395B-EDDF-48C4-94D2-F8BB686C81B5}.Debug|Any CPU.Build.0 = Debug|Any CPU
		{23BA395B-EDDF-48C4-94D2-F8BB686C81B5}.Release|Any CPU.ActiveCfg = Release|Any CPU
		{23BA395B-EDDF-48C4-94D2-F8BB686C81B5}.Release|Any CPU.Build.0 = Release|Any CPU
		{0EB1C6CC-F15B-4F8B-BB30-AA3B6F4618BF}.Debug|Any CPU.ActiveCfg = Debug|Any CPU
		{0EB1C6CC-F15B-4F8B-BB30-AA3B6F4618BF}.Debug|Any CPU.Build.0 = Debug|Any CPU
		{0EB1C6CC-F15B-4F8B-BB30-AA3B6F4618BF}.Release|Any CPU.ActiveCfg = Release|Any CPU
		{0EB1C6CC-F15B-4F8B-BB30-AA3B6F4618BF}.Release|Any CPU.Build.0 = Release|Any CPU
	EndGlobalSection
	GlobalSection(SolutionProperties) = preSolution
		HideSolutionNode = FALSE
	EndGlobalSection
	GlobalSection(ExtensibilityGlobals) = postSolution
		SolutionGuid = {2A4E4626-D68C-4C75-99CF-24214F4054F5}
	EndGlobalSection
EndGlobal
